PODS:
  - GoNativeCore (1.6.24):
    - GoNativeCore/Binary (= 1.6.24)
  - GoNativeCore/Binary (1.6.24)
  - MedianIcons (1.0.8)
  - zipzap (8.1.1)

DEPENDENCIES:
  - GoNativeCore
  - MedianIcons
  - zipzap

SPEC REPOS:
  "git@github.com:gonativeio/gonative-specs.git":
    - GoNativeCore
    - MedianIcons
  trunk:
    - zipzap

SPEC CHECKSUMS:
  GoNativeCore: e88bac23d3609ed1c7fd8390d68ecde0f3fe698b
  MedianIcons: 3c9cd1c257123922fbb67997d33499ec68e08123
  zipzap: 940162d9c9c60472c2eab341385e4214da0fdf1c

PODFILE CHECKSUM: 9fed6c50cc00bbaa10216c871012072afb3c82c0

COCOAPODS: 1.14.3
